// !$*UTF8*$!
{
	archiveVersion = 1;
	classes = {
	};
	objectVersion = 55;
	objects = {

/* Begin PBXBuildFile section */
		1A3A799427737DC800DB649F /* MainPageVC.swift in Sources */ = {isa = PBXBuildFile; fileRef = 1A3A799327737DC800DB649F /* MainPageVC.swift */; };
		1A3A79962773A08400DB649F /* ProfileVC.swift in Sources */ = {isa = PBXBuildFile; fileRef = 1A3A79952773A08400DB649F /* ProfileVC.swift */; };
		1A81B7B727712C0000F3718E /* AppDelegate.swift in Sources */ = {isa = PBXBuildFile; fileRef = 1A81B7B627712C0000F3718E /* AppDelegate.swift */; };
		1A81B7B927712C0000F3718E /* SceneDelegate.swift in Sources */ = {isa = PBXBuildFile; fileRef = 1A81B7B827712C0000F3718E /* SceneDelegate.swift */; };
		1A81B7BB27712C0000F3718E /* ViewController.swift in Sources */ = {isa = PBXBuildFile; fileRef = 1A81B7BA27712C0000F3718E /* ViewController.swift */; };
		1A81B7BE27712C0000F3718E /* Main.storyboard in Resources */ = {isa = PBXBuildFile; fileRef = 1A81B7BC27712C0000F3718E /* Main.storyboard */; };
		1A81B7C027712C0300F3718E /* Assets.xcassets in Resources */ = {isa = PBXBuildFile; fileRef = 1A81B7BF27712C0300F3718E /* Assets.xcassets */; };
		1A81B7C327712C0300F3718E /* LaunchScreen.storyboard in Resources */ = {isa = PBXBuildFile; fileRef = 1A81B7C127712C0300F3718E /* LaunchScreen.storyboard */; };
		1A81B7CD27712D7000F3718E /* PhoneNumberVC.swift in Sources */ = {isa = PBXBuildFile; fileRef = 1A81B7CC27712D7000F3718E /* PhoneNumberVC.swift */; };
		1A81B7D127712DB300F3718E /* SMSCodeVC.swift in Sources */ = {isa = PBXBuildFile; fileRef = 1A81B7D027712DB300F3718E /* SMSCodeVC.swift */; };
		1A81B7D4277132A900F3718E /* GoogleService-Info.plist in Resources */ = {isa = PBXBuildFile; fileRef = 1A81B7D3277132A900F3718E /* GoogleService-Info.plist */; };
		53F1894E7EC6B22AD5E16B79 /* Pods_FitFoodApp.framework in Frameworks */ = {isa = PBXBuildFile; fileRef = A2D53AAFB6BCD66681D6D240 /* Pods_FitFoodApp.framework */; };
/* End PBXBuildFile section */

/* Begin PBXFileReference section */
		1A3A799327737DC800DB649F /* MainPageVC.swift */ = {isa = PBXFileReference; lastKnownFileType = sourcecode.swift; path = MainPageVC.swift; sourceTree = "<group>"; };
		1A3A79952773A08400DB649F /* ProfileVC.swift */ = {isa = PBXFileReference; lastKnownFileType = sourcecode.swift; path = ProfileVC.swift; sourceTree = "<group>"; };
		1A81B7B327712C0000F3718E /* FitFoodApp.app */ = {isa = PBXFileReference; explicitFileType = wrapper.application; includeInIndex = 0; path = FitFoodApp.app; sourceTree = BUILT_PRODUCTS_DIR; };
		1A81B7B627712C0000F3718E /* AppDelegate.swift */ = {isa = PBXFileReference; lastKnownFileType = sourcecode.swift; path = AppDelegate.swift; sourceTree = "<group>"; };
		1A81B7B827712C0000F3718E /* SceneDelegate.swift */ = {isa = PBXFileReference; lastKnownFileType = sourcecode.swift; path = SceneDelegate.swift; sourceTree = "<group>"; };
		1A81B7BA27712C0000F3718E /* ViewController.swift */ = {isa = PBXFileReference; lastKnownFileType = sourcecode.swift; path = ViewController.swift; sourceTree = "<group>"; };
		1A81B7BD27712C0000F3718E /* Base */ = {isa = PBXFileReference; lastKnownFileType = file.storyboard; name = Base; path = Base.lproj/Main.storyboard; sourceTree = "<group>"; };
		1A81B7BF27712C0300F3718E /* Assets.xcassets */ = {isa = PBXFileReference; lastKnownFileType = folder.assetcatalog; path = Assets.xcassets; sourceTree = "<group>"; };
		1A81B7C227712C0300F3718E /* Base */ = {isa = PBXFileReference; lastKnownFileType = file.storyboard; name = Base; path = Base.lproj/LaunchScreen.storyboard; sourceTree = "<group>"; };
		1A81B7C427712C0300F3718E /* Info.plist */ = {isa = PBXFileReference; lastKnownFileType = text.plist.xml; path = Info.plist; sourceTree = "<group>"; };
		1A81B7CC27712D7000F3718E /* PhoneNumberVC.swift */ = {isa = PBXFileReference; lastKnownFileType = sourcecode.swift; path = PhoneNumberVC.swift; sourceTree = "<group>"; };
		1A81B7D027712DB300F3718E /* SMSCodeVC.swift */ = {isa = PBXFileReference; lastKnownFileType = sourcecode.swift; path = SMSCodeVC.swift; sourceTree = "<group>"; };
		1A81B7D3277132A900F3718E /* GoogleService-Info.plist */ = {isa = PBXFileReference; fileEncoding = 4; lastKnownFileType = text.plist.xml; name = "GoogleService-Info.plist"; path = "../../../../../Downloads/GoogleService-Info.plist"; sourceTree = "<group>"; };
		45B5CA285EF6999C8011C48F /* Pods-FitFoodApp.release.xcconfig */ = {isa = PBXFileReference; includeInIndex = 1; lastKnownFileType = text.xcconfig; name = "Pods-FitFoodApp.release.xcconfig"; path = "Target Support Files/Pods-FitFoodApp/Pods-FitFoodApp.release.xcconfig"; sourceTree = "<group>"; };
		95CEC14549F639AD160083A0 /* Pods-FitFoodApp.debug.xcconfig */ = {isa = PBXFileReference; includeInIndex = 1; lastKnownFileType = text.xcconfig; name = "Pods-FitFoodApp.debug.xcconfig"; path = "Target Support Files/Pods-FitFoodApp/Pods-FitFoodApp.debug.xcconfig"; sourceTree = "<group>"; };
		A2D53AAFB6BCD66681D6D240 /* Pods_FitFoodApp.framework */ = {isa = PBXFileReference; explicitFileType = wrapper.framework; includeInIndex = 0; path = Pods_FitFoodApp.framework; sourceTree = BUILT_PRODUCTS_DIR; };
/* End PBXFileReference section */

/* Begin PBXFrameworksBuildPhase section */
		1A81B7B027712C0000F3718E /* Frameworks */ = {
			isa = PBXFrameworksBuildPhase;
			buildActionMask = 2147483647;
			files = (
				53F1894E7EC6B22AD5E16B79 /* Pods_FitFoodApp.framework in Frameworks */,
			);
			runOnlyForDeploymentPostprocessing = 0;
		};
/* End PBXFrameworksBuildPhase section */

/* Begin PBXGroup section */
		1A81B7AA27712C0000F3718E = {
			isa = PBXGroup;
			children = (
				1A81B7B527712C0000F3718E /* FitFoodApp */,
				1A81B7B427712C0000F3718E /* Products */,
				65E5D7B2D4138B44B4B84817 /* Pods */,
				E7A217BB703513DDE2EA9B96 /* Frameworks */,
			);
			sourceTree = "<group>";
		};
		1A81B7B427712C0000F3718E /* Products */ = {
			isa = PBXGroup;
			children = (
				1A81B7B327712C0000F3718E /* FitFoodApp.app */,
			);
			name = Products;
			sourceTree = "<group>";
		};
		1A81B7B527712C0000F3718E /* FitFoodApp */ = {
			isa = PBXGroup;
			children = (
				1A81B7B627712C0000F3718E /* AppDelegate.swift */,
				1A81B7B827712C0000F3718E /* SceneDelegate.swift */,
				1A81B7BA27712C0000F3718E /* ViewController.swift */,
				1A81B7D227712DBF00F3718E /* Auth */,
				1A81B7BC27712C0000F3718E /* Main.storyboard */,
				1A3A79952773A08400DB649F /* ProfileVC.swift */,
				1A3A799327737DC800DB649F /* MainPageVC.swift */,
				1A81B7BF27712C0300F3718E /* Assets.xcassets */,
				1A81B7C127712C0300F3718E /* LaunchScreen.storyboard */,
				1A81B7C427712C0300F3718E /* Info.plist */,
				1A81B7D3277132A900F3718E /* GoogleService-Info.plist */,
			);
			path = FitFoodApp;
			sourceTree = "<group>";
		};
		1A81B7D227712DBF00F3718E /* Auth */ = {
			isa = PBXGroup;
			children = (
				1A81B7CC27712D7000F3718E /* PhoneNumberVC.swift */,
				1A81B7D027712DB300F3718E /* SMSCodeVC.swift */,
			);
			path = Auth;
			sourceTree = "<group>";
		};
		65E5D7B2D4138B44B4B84817 /* Pods */ = {
			isa = PBXGroup;
			children = (
				95CEC14549F639AD160083A0 /* Pods-FitFoodApp.debug.xcconfig */,
				45B5CA285EF6999C8011C48F /* Pods-FitFoodApp.release.xcconfig */,
			);
			path = Pods;
			sourceTree = "<group>";
		};
		E7A217BB703513DDE2EA9B96 /* Frameworks */ = {
			isa = PBXGroup;
			children = (
				A2D53AAFB6BCD66681D6D240 /* Pods_FitFoodApp.framework */,
			);
			name = Frameworks;
			sourceTree = "<group>";
		};
/* End PBXGroup section */

/* Begin PBXNativeTarget section */
		1A81B7B227712C0000F3718E /* FitFoodApp */ = {
			isa = PBXNativeTarget;
			buildConfigurationList = 1A81B7C727712C0300F3718E /* Build configuration list for PBXNativeTarget "FitFoodApp" */;
			buildPhases = (
				CE5AD66E44074F70FFCAA0EB /* [CP] Check Pods Manifest.lock */,
				1A81B7AF27712C0000F3718E /* Sources */,
				1A81B7B027712C0000F3718E /* Frameworks */,
				1A81B7B127712C0000F3718E /* Resources */,
				9FB741FFE00F3839E54E282B /* [CP] Embed Pods Frameworks */,
			);
			buildRules = (
			);
			dependencies = (
			);
			name = FitFoodApp;
			productName = FitFoodApp;
			productReference = 1A81B7B327712C0000F3718E /* FitFoodApp.app */;
			productType = "com.apple.product-type.application";
		};
/* End PBXNativeTarget section */

/* Begin PBXProject section */
		1A81B7AB27712C0000F3718E /* Project object */ = {
			isa = PBXProject;
			attributes = {
				BuildIndependentTargetsInParallel = 1;
				LastSwiftUpdateCheck = 1310;
				LastUpgradeCheck = 1310;
				TargetAttributes = {
					1A81B7B227712C0000F3718E = {
						CreatedOnToolsVersion = 13.1;
					};
				};
			};
			buildConfigurationList = 1A81B7AE27712C0000F3718E /* Build configuration list for PBXProject "FitFoodApp" */;
			compatibilityVersion = "Xcode 13.0";
			developmentRegion = en;
			hasScannedForEncodings = 0;
			knownRegions = (
				en,
				Base,
			);
			mainGroup = 1A81B7AA27712C0000F3718E;
			productRefGroup = 1A81B7B427712C0000F3718E /* Products */;
			projectDirPath = "";
			projectRoot = "";
			targets = (
				1A81B7B227712C0000F3718E /* FitFoodApp */,
			);
		};
/* End PBXProject section */

/* Begin PBXResourcesBuildPhase section */
		1A81B7B127712C0000F3718E /* Resources */ = {
			isa = PBXResourcesBuildPhase;
			buildActionMask = 2147483647;
			files = (
				1A81B7C327712C0300F3718E /* LaunchScreen.storyboard in Resources */,
				1A81B7D4277132A900F3718E /* GoogleService-Info.plist in Resources */,
				1A81B7C027712C0300F3718E /* Assets.xcassets in Resources */,
				1A81B7BE27712C0000F3718E /* Main.storyboard in Resources */,
			);
			runOnlyForDeploymentPostprocessing = 0;
		};
/* End PBXResourcesBuildPhase section */

/* Begin PBXShellScriptBuildPhase section */
		9FB741FFE00F3839E54E282B /* [CP] Embed Pods Frameworks */ = {
			isa = PBXShellScriptBuildPhase;
			buildActionMask = 2147483647;
			files = (
			);
			inputFileListPaths = (
				"${PODS_ROOT}/Target Support Files/Pods-FitFoodApp/Pods-FitFoodApp-frameworks-${CONFIGURATION}-input-files.xcfilelist",
			);
			name = "[CP] Embed Pods Frameworks";
			outputFileListPaths = (
				"${PODS_ROOT}/Target Support Files/Pods-FitFoodApp/Pods-FitFoodApp-frameworks-${CONFIGURATION}-output-files.xcfilelist",
			);
			runOnlyForDeploymentPostprocessing = 0;
			shellPath = /bin/sh;
			shellScript = "\"${PODS_ROOT}/Target Support Files/Pods-FitFoodApp/Pods-FitFoodApp-frameworks.sh\"\n";
			showEnvVarsInLog = 0;
		};
		CE5AD66E44074F70FFCAA0EB /* [CP] Check Pods Manifest.lock */ = {
			isa = PBXShellScriptBuildPhase;
			buildActionMask = 2147483647;
			files = (
			);
			inputFileListPaths = (
			);
			inputPaths = (
				"${PODS_PODFILE_DIR_PATH}/Podfile.lock",
				"${PODS_ROOT}/Manifest.lock",
			);
			name = "[CP] Check Pods Manifest.lock";
			outputFileListPaths = (
			);
			outputPaths = (
				"$(DERIVED_FILE_DIR)/Pods-FitFoodApp-checkManifestLockResult.txt",
			);
			runOnlyForDeploymentPostprocessing = 0;
			shellPath = /bin/sh;
			shellScript = "diff \"${PODS_PODFILE_DIR_PATH}/Podfile.lock\" \"${PODS_ROOT}/Manifest.lock\" > /dev/null\nif [ $? != 0 ] ; then\n    # print error to STDERR\n    echo \"error: The sandbox is not in sync with the Podfile.lock. Run 'pod install' or update your CocoaPods installation.\" >&2\n    exit 1\nfi\n# This output is used by Xcode 'outputs' to avoid re-running this script phase.\necho \"SUCCESS\" > \"${SCRIPT_OUTPUT_FILE_0}\"\n";
			showEnvVarsInLog = 0;
		};
/* End PBXShellScriptBuildPhase section */

/* Begin PBXSourcesBuildPhase section */
		1A81B7AF27712C0000F3718E /* Sources */ = {
			isa = PBXSourcesBuildPhase;
			buildActionMask = 2147483647;
			files = (
				1A3A799427737DC800DB649F /* MainPageVC.swift in Sources */,
				1A81B7BB27712C0000F3718E /* ViewController.swift in Sources */,
				1A3A79962773A08400DB649F /* ProfileVC.swift in Sources */,
				1A81B7D127712DB300F3718E /* SMSCodeVC.swift in Sources */,
				1A81B7B727712C0000F3718E /* AppDelegate.swift in Sources */,
				1A81B7CD27712D7000F3718E /* PhoneNumberVC.swift in Sources */,
				1A81B7B927712C0000F3718E /* SceneDelegate.swift in Sources */,
			);
			runOnlyForDeploymentPostprocessing = 0;
		};
/* End PBXSourcesBuildPhase section */

/* Begin PBXVariantGroup section */
		1A81B7BC27712C0000F3718E /* Main.storyboard */ = {
			isa = PBXVariantGroup;
			children = (
				1A81B7BD27712C0000F3718E /* Base */,
			);
			name = Main.storyboard;
			sourceTree = "<group>";
		};
		1A81B7C127712C0300F3718E /* LaunchScreen.storyboard */ = {
			isa = PBXVariantGroup;
			children = (
				1A81B7C227712C0300F3718E /* Base */,
			);
			name = LaunchScreen.storyboard;
			sourceTree = "<group>";
		};
/* End PBXVariantGroup section */

/* Begin XCBuildConfiguration section */
		1A81B7C527712C0300F3718E /* Debug */ = {
			isa = XCBuildConfiguration;
			buildSettings = {
				ALWAYS_SEARCH_USER_PATHS = NO;
				CLANG_ANALYZER_NONNULL = YES;
				CLANG_ANALYZER_NUMBER_OBJECT_CONVERSION = YES_AGGRESSIVE;
				CLANG_CXX_LANGUAGE_STANDARD = "gnu++17";
				CLANG_CXX_LIBRARY = "libc++";
				CLANG_ENABLE_MODULES = YES;
				CLANG_ENABLE_OBJC_ARC = YES;
				CLANG_ENABLE_OBJC_WEAK = YES;
				CLANG_WARN_BLOCK_CAPTURE_AUTORELEASING = YES;
				CLANG_WARN_BOOL_CONVERSION = YES;
				CLANG_WARN_COMMA = YES;
				CLANG_WARN_CONSTANT_CONVERSION = YES;
				CLANG_WARN_DEPRECATED_OBJC_IMPLEMENTATIONS = YES;
				CLANG_WARN_DIRECT_OBJC_ISA_USAGE = YES_ERROR;
				CLANG_WARN_DOCUMENTATION_COMMENTS = YES;
				CLANG_WARN_EMPTY_BODY = YES;
				CLANG_WARN_ENUM_CONVERSION = YES;
				CLANG_WARN_INFINITE_RECURSION = YES;
				CLANG_WARN_INT_CONVERSION = YES;
				CLANG_WARN_NON_LITERAL_NULL_CONVERSION = YES;
				CLANG_WARN_OBJC_IMPLICIT_RETAIN_SELF = YES;
				CLANG_WARN_OBJC_LITERAL_CONVERSION = YES;
				CLANG_WARN_OBJC_ROOT_CLASS = YES_ERROR;
				CLANG_WARN_QUOTED_INCLUDE_IN_FRAMEWORK_HEADER = YES;
				CLANG_WARN_RANGE_LOOP_ANALYSIS = YES;
				CLANG_WARN_STRICT_PROTOTYPES = YES;
				CLANG_WARN_SUSPICIOUS_MOVE = YES;
				CLANG_WARN_UNGUARDED_AVAILABILITY = YES_AGGRESSIVE;
				CLANG_WARN_UNREACHABLE_CODE = YES;
				CLANG_WARN__DUPLICATE_METHOD_MATCH = YES;
				COPY_PHASE_STRIP = NO;
				DEBUG_INFORMATION_FORMAT = dwarf;
				ENABLE_STRICT_OBJC_MSGSEND = YES;
				ENABLE_TESTABILITY = YES;
				GCC_C_LANGUAGE_STANDARD = gnu11;
				GCC_DYNAMIC_NO_PIC = NO;
				GCC_NO_COMMON_BLOCKS = YES;
				GCC_OPTIMIZATION_LEVEL = 0;
				GCC_PREPROCESSOR_DEFINITIONS = (
					"DEBUG=1",
					"$(inherited)",
				);
				GCC_WARN_64_TO_32_BIT_CONVERSION = YES;
				GCC_WARN_ABOUT_RETURN_TYPE = YES_ERROR;
				GCC_WARN_UNDECLARED_SELECTOR = YES;
				GCC_WARN_UNINITIALIZED_AUTOS = YES_AGGRESSIVE;
				GCC_WARN_UNUSED_FUNCTION = YES;
				GCC_WARN_UNUSED_VARIABLE = YES;
				IPHONEOS_DEPLOYMENT_TARGET = 15.0;
				MTL_ENABLE_DEBUG_INFO = INCLUDE_SOURCE;
				MTL_FAST_MATH = YES;
				ONLY_ACTIVE_ARCH = YES;
				SDKROOT = iphoneos;
				SWIFT_ACTIVE_COMPILATION_CONDITIONS = DEBUG;
				SWIFT_OPTIMIZATION_LEVEL = "-Onone";
			};
			name = Debug;
		};
		1A81B7C627712C0300F3718E /* Release */ = {
			isa = XCBuildConfiguration;
			buildSettings = {
				ALWAYS_SEARCH_USER_PATHS = NO;
				CLANG_ANALYZER_NONNULL = YES;
				CLANG_ANALYZER_NUMBER_OBJECT_CONVERSION = YES_AGGRESSIVE;
				CLANG_CXX_LANGUAGE_STANDARD = "gnu++17";
				CLANG_CXX_LIBRARY = "libc++";
				CLANG_ENABLE_MODULES = YES;
				CLANG_ENABLE_OBJC_ARC = YES;
				CLANG_ENABLE_OBJC_WEAK = YES;
				CLANG_WARN_BLOCK_CAPTURE_AUTORELEASING = YES;
				CLANG_WARN_BOOL_CONVERSION = YES;
				CLANG_WARN_COMMA = YES;
				CLANG_WARN_CONSTANT_CONVERSION = YES;
				CLANG_WARN_DEPRECATED_OBJC_IMPLEMENTATIONS = YES;
				CLANG_WARN_DIRECT_OBJC_ISA_USAGE = YES_ERROR;
				CLANG_WARN_DOCUMENTATION_COMMENTS = YES;
				CLANG_WARN_EMPTY_BODY = YES;
				CLANG_WARN_ENUM_CONVERSION = YES;
				CLANG_WARN_INFINITE_RECURSION = YES;
				CLANG_WARN_INT_CONVERSION = YES;
				CLANG_WARN_NON_LITERAL_NULL_CONVERSION = YES;
				CLANG_WARN_OBJC_IMPLICIT_RETAIN_SELF = YES;
				CLANG_WARN_OBJC_LITERAL_CONVERSION = YES;
				CLANG_WARN_OBJC_ROOT_CLASS = YES_ERROR;
				CLANG_WARN_QUOTED_INCLUDE_IN_FRAMEWORK_HEADER = YES;
				CLANG_WARN_RANGE_LOOP_ANALYSIS = YES;
				CLANG_WARN_STRICT_PROTOTYPES = YES;
				CLANG_WARN_SUSPICIOUS_MOVE = YES;
				CLANG_WARN_UNGUARDED_AVAILABILITY = YES_AGGRESSIVE;
				CLANG_WARN_UNREACHABLE_CODE = YES;
				CLANG_WARN__DUPLICATE_METHOD_MATCH = YES;
				COPY_PHASE_STRIP = NO;
				DEBUG_INFORMATION_FORMAT = "dwarf-with-dsym";
				ENABLE_NS_ASSERTIONS = NO;
				ENABLE_STRICT_OBJC_MSGSEND = YES;
				GCC_C_LANGUAGE_STANDARD = gnu11;
				GCC_NO_COMMON_BLOCKS = YES;
				GCC_WARN_64_TO_32_BIT_CONVERSION = YES;
				GCC_WARN_ABOUT_RETURN_TYPE = YES_ERROR;
				GCC_WARN_UNDECLARED_SELECTOR = YES;
				GCC_WARN_UNINITIALIZED_AUTOS = YES_AGGRESSIVE;
				GCC_WARN_UNUSED_FUNCTION = YES;
				GCC_WARN_UNUSED_VARIABLE = YES;
				IPHONEOS_DEPLOYMENT_TARGET = 15.0;
				MTL_ENABLE_DEBUG_INFO = NO;
				MTL_FAST_MATH = YES;
				SDKROOT = iphoneos;
				SWIFT_COMPILATION_MODE = wholemodule;
				SWIFT_OPTIMIZATION_LEVEL = "-O";
				VALIDATE_PRODUCT = YES;
			};
			name = Release;
		};
		1A81B7C827712C0300F3718E /* Debug */ = {
			isa = XCBuildConfiguration;
			baseConfigurationReference = 95CEC14549F639AD160083A0 /* Pods-FitFoodApp.debug.xcconfig */;
			buildSettings = {
				ASSETCATALOG_COMPILER_APPICON_NAME = AppIcon;
				ASSETCATALOG_COMPILER_GLOBAL_ACCENT_COLOR_NAME = AccentColor;
				CODE_SIGN_STYLE = Automatic;
				CURRENT_PROJECT_VERSION = 1;
				DEVELOPMENT_TEAM = CJAQY24NC2;
				GENERATE_INFOPLIST_FILE = YES;
				INFOPLIST_FILE = FitFoodApp/Info.plist;
				INFOPLIST_KEY_UIApplicationSupportsIndirectInputEvents = YES;
				INFOPLIST_KEY_UILaunchStoryboardName = LaunchScreen;
				INFOPLIST_KEY_UIMainStoryboardFile = Main;
				INFOPLIST_KEY_UISupportedInterfaceOrientations_iPad = "UIInterfaceOrientationPortrait UIInterfaceOrientationPortraitUpsideDown UIInterfaceOrientationLandscapeLeft UIInterfaceOrientationLandscapeRight";
				INFOPLIST_KEY_UISupportedInterfaceOrientations_iPhone = "UIInterfaceOrientationPortrait UIInterfaceOrientationLandscapeLeft UIInterfaceOrientationLandscapeRight";
				LD_RUNPATH_SEARCH_PATHS = (
					"$(inherited)",
					"@executable_path/Frameworks",
				);
				MARKETING_VERSION = 1.0;
				PRODUCT_BUNDLE_IDENTIFIER = com.HSENN.FitFoodApp;
				PRODUCT_NAME = "$(TARGET_NAME)";
				SWIFT_EMIT_LOC_STRINGS = YES;
				SWIFT_VERSION = 5.0;
				TARGETED_DEVICE_FAMILY = "1,2";
			};
			name = Debug;
		};
		1A81B7C927712C0300F3718E /* Release */ = {
			isa = XCBuildConfiguration;
			baseConfigurationReference = 45B5CA285EF6999C8011C48F /* Pods-FitFoodApp.release.xcconfig */;
			buildSettings = {
				ASSETCATALOG_COMPILER_APPICON_NAME = AppIcon;
				ASSETCATALOG_COMPILER_GLOBAL_ACCENT_COLOR_NAME = AccentColor;
				CODE_SIGN_STYLE = Automatic;
				CURRENT_PROJECT_VERSION = 1;
				DEVELOPMENT_TEAM = CJAQY24NC2;
				GENERATE_INFOPLIST_FILE = YES;
				INFOPLIST_FILE = FitFoodApp/Info.plist;
				INFOPLIST_KEY_UIApplicationSupportsIndirectInputEvents = YES;
				INFOPLIST_KEY_UILaunchStoryboardName = LaunchScreen;
				INFOPLIST_KEY_UIMainStoryboardFile = Main;
				INFOPLIST_KEY_UISupportedInterfaceOrientations_iPad = "UIInterfaceOrientationPortrait UIInterfaceOrientationPortraitUpsideDown UIInterfaceOrientationLandscapeLeft UIInterfaceOrientationLandscapeRight";
				INFOPLIST_KEY_UISupportedInterfaceOrientations_iPhone = "UIInterfaceOrientationPortrait UIInterfaceOrientationLandscapeLeft UIInterfaceOrientationLandscapeRight";
				LD_RUNPATH_SEARCH_PATHS = (
					"$(inherited)",
					"@executable_path/Frameworks",
				);
				MARKETING_VERSION = 1.0;
				PRODUCT_BUNDLE_IDENTIFIER = com.HSENN.FitFoodApp;
				PRODUCT_NAME = "$(TARGET_NAME)";
				SWIFT_EMIT_LOC_STRINGS = YES;
				SWIFT_VERSION = 5.0;
				TARGETED_DEVICE_FAMILY = "1,2";
			};
			name = Release;
		};
/* End XCBuildConfiguration section */

/* Begin XCConfigurationList section */
		1A81B7AE27712C0000F3718E /* Build configuration list for PBXProject "FitFoodApp" */ = {
			isa = XCConfigurationList;
			buildConfigurations = (
				1A81B7C527712C0300F3718E /* Debug */,
				1A81B7C627712C0300F3718E /* Release */,
			);
			defaultConfigurationIsVisible = 0;
			defaultConfigurationName = Release;
		};
		1A81B7C727712C0300F3718E /* Build configuration list for PBXNativeTarget "FitFoodApp" */ = {
			isa = XCConfigurationList;
			buildConfigurations = (
				1A81B7C827712C0300F3718E /* Debug */,
				1A81B7C927712C0300F3718E /* Release */,
			);
			defaultConfigurationIsVisible = 0;
			defaultConfigurationName = Release;
		};
/* End XCConfigurationList section */
	};
	rootObject = 1A81B7AB27712C0000F3718E /* Project object */;
}
